
Microsoft Visual Studio Solution File, Format Version 12.00
# Visual Studio Version 17
VisualStudioVersion = 17.11.35327.3
MinimumVisualStudioVersion = 10.0.40219.1
Project("{FAE04EC0-301F-11D3-BF4B-00C04F79EFBC}") = "API Core Final", "API Core Final.csproj", "{3ADB857F-A689-414B-8307-B0526017DDAD}"
EndProject
Global
	GlobalSection(SolutionConfigurationPlatforms) = preSolution
		Debug|Any CPU = Debug|Any CPU
		Release|Any CPU = Release|Any CPU
	EndGlobalSection
	GlobalSection(ProjectConfigurationPlatforms) = postSolution
		{3ADB857F-A689-414B-8307-B0526017DDAD}.Debug|Any CPU.ActiveCfg = Debug|Any CPU
		{3ADB857F-A689-414B-8307-B0526017DDAD}.Debug|Any CPU.Build.0 = Debug|Any CPU
		{3ADB857F-A689-414B-8307-B0526017DDAD}.Release|Any CPU.ActiveCfg = Release|Any CPU
		{3ADB857F-A689-414B-8307-B0526017DDAD}.Release|Any CPU.Build.0 = Release|Any CPU
	EndGlobalSection
	GlobalSection(SolutionProperties) = preSolution
		HideSolutionNode = FALSE
	EndGlobalSection
	GlobalSection(ExtensibilityGlobals) = postSolution
		SolutionGuid = {1068E460-9498-4845-B386-F2D49DA485B5}
	EndGlobalSection
EndGlobal
